
Microsoft Visual Studio Solution File, Format Version 12.00
# Visual Studio Version 17
VisualStudioVersion = 17.10.35122.118
MinimumVisualStudioVersion = 10.0.40219.1
Project("{FAE04EC0-301F-11D3-BF4B-00C04F79EFBC}") = "MeuCorre", "MeuCorre.csproj", "{60791976-0F8D-4820-B42C-BB84F36FD05B}"
EndProject
Global
	GlobalSection(SolutionConfigurationPlatforms) = preSolution
		Debug|Any CPU = Debug|Any CPU
		Release|Any CPU = Release|Any CPU
	EndGlobalSection
	GlobalSection(ProjectConfigurationPlatforms) = postSolution
		{60791976-0F8D-4820-B42C-BB84F36FD05B}.Debug|Any CPU.ActiveCfg = Debug|Any CPU
		{60791976-0F8D-4820-B42C-BB84F36FD05B}.Debug|Any CPU.Build.0 = Debug|Any CPU
		{60791976-0F8D-4820-B42C-BB84F36FD05B}.Release|Any CPU.ActiveCfg = Release|Any CPU
		{60791976-0F8D-4820-B42C-BB84F36FD05B}.Release|Any CPU.Build.0 = Release|Any CPU
	EndGlobalSection
	GlobalSection(SolutionProperties) = preSolution
		HideSolutionNode = FALSE
	EndGlobalSection
	GlobalSection(ExtensibilityGlobals) = postSolution
		SolutionGuid = {0CAB8D1C-473A-4FBA-A3E8-A5A67EFACF5C}
	EndGlobalSection
EndGlobal
